
Microsoft Visual Studio Solution File, Format Version 12.00
# Visual Studio Version 17
VisualStudioVersion = 17.4.33110.190
MinimumVisualStudioVersion = 10.0.40219.1
Project("{FAE04EC0-301F-11D3-BF4B-00C04F79EFBC}") = "sqlite-study", "sqlite-study\sqlite-study.csproj", "{CA0C565A-2DAE-47D3-B09B-C447E423D201}"
EndProject
Global
	GlobalSection(SolutionConfigurationPlatforms) = preSolution
		Debug|Any CPU = Debug|Any CPU
		Release|Any CPU = Release|Any CPU
	EndGlobalSection
	GlobalSection(ProjectConfigurationPlatforms) = postSolution
		{CA0C565A-2DAE-47D3-B09B-C447E423D201}.Debug|Any CPU.ActiveCfg = Debug|Any CPU
		{CA0C565A-2DAE-47D3-B09B-C447E423D201}.Debug|Any CPU.Build.0 = Debug|Any CPU
		{CA0C565A-2DAE-47D3-B09B-C447E423D201}.Release|Any CPU.ActiveCfg = Release|Any CPU
		{CA0C565A-2DAE-47D3-B09B-C447E423D201}.Release|Any CPU.Build.0 = Release|Any CPU
	EndGlobalSection
	GlobalSection(SolutionProperties) = preSolution
		HideSolutionNode = FALSE
	EndGlobalSection
	GlobalSection(ExtensibilityGlobals) = postSolution
		SolutionGuid = {92237A08-C573-4C77-BAFB-818F516E9648}
	EndGlobalSection
EndGlobal
